{
    "name": "basic",
    "lockfileVersion": 3,
    "requires": true,
    "packages": {
        "": {
            "dependencies": {
                "sap-cap-sdm-plugin": "../../../"
            }
        },
        "../../..": {
            "version": "0.0.1",
            "license": "MIT",
            "dependencies": {
                "@sap-cloud-sdk/core": "^1.54.2",
                "@sap-cloud-sdk/openapi": "^3.7.0",
                "form-data": "^4.0.0",
                "mime": "^3.0.0",
                "odata-v4-parser": "^0.1.29"
            },
            "devDependencies": {
                "@sap-cloud-sdk/openapi-generator": "^3.7.0",
                "@sap/cds": "^7.3.1",
                "dotenv": "^16.3.1",
                "eslint": "^8.50.0",
                "jest": "^29.7.0",
                "semantic-release": "^22.0.5"
            },
            "peerDependencies": {
                "@sap/cds": "^7.3.1",
                "@sap/cds-dk": "^7.3.1"
            }
        },
        "node_modules/sap-cap-sdm-plugin": {
            "resolved": "../../..",
            "link": true
        }
    }
}
